PODS:
  - Disk (0.4.0)
  - hpple (0.2.0)
  - HTMLReader (2.1.3)

DEPENDENCIES:
  - Disk
  - hpple
  - HTMLReader

SPEC REPOS:
  https://github.com/cocoapods/specs.git:
    - Disk
    - hpple
    - HTMLReader

SPEC CHECKSUMS:
  Disk: ef2956657d5bb56034b38b29b352170165226440
  hpple: 3b765f96fc2cd56ad1a49aef6f7be5cb2aa64b57
  HTMLReader: 34449b95b7c8f50557e8e60a8d892487d4541ae2

PODFILE CHECKSUM: 9070271d62992e6e714fd4c9d96ad7000524f26c

COCOAPODS: 1.5.2
