// !$*UTF8*$!
{
	archiveVersion = 1;
	classes = {
	};
	objectVersion = 51;
	objects = {

/* Begin PBXBuildFile section */
		661B10ED235E5AEA007788E7 /* PageManager.swift in Sources */ = {isa = PBXBuildFile; fileRef = 661B10EC235E5AEA007788E7 /* PageManager.swift */; };
		661B10F0235E5CA6007788E7 /* ParkingBadgePageManager.swift in Sources */ = {isa = PBXBuildFile; fileRef = 661B10EF235E5CA6007788E7 /* ParkingBadgePageManager.swift */; };
		663EFDA22214F6B00074DD55 /* AppDelegate.swift in Sources */ = {isa = PBXBuildFile; fileRef = 663EFDA12214F6B00074DD55 /* AppDelegate.swift */; };
		663EFDA42214F6B00074DD55 /* HomeViewController.swift in Sources */ = {isa = PBXBuildFile; fileRef = 663EFDA32214F6B00074DD55 /* HomeViewController.swift */; };
		663EFDA72214F6B00074DD55 /* Main.storyboard in Resources */ = {isa = PBXBuildFile; fileRef = 663EFDA52214F6B00074DD55 /* Main.storyboard */; };
		663EFDA92214F6B20074DD55 /* Assets.xcassets in Resources */ = {isa = PBXBuildFile; fileRef = 663EFDA82214F6B20074DD55 /* Assets.xcassets */; };
		663EFDAC2214F6B20074DD55 /* LaunchScreen.storyboard in Resources */ = {isa = PBXBuildFile; fileRef = 663EFDAA2214F6B20074DD55 /* LaunchScreen.storyboard */; };
		663EFDB42214FAA10074DD55 /* CheckinViewController.swift in Sources */ = {isa = PBXBuildFile; fileRef = 663EFDB32214FAA10074DD55 /* CheckinViewController.swift */; };
		6666599023E657BF0014716F /* SettingsManager.swift in Sources */ = {isa = PBXBuildFile; fileRef = 6666598F23E657BF0014716F /* SettingsManager.swift */; };
		667BD0DC238B45E000CE4E46 /* Settings.storyboard in Resources */ = {isa = PBXBuildFile; fileRef = 667BD0DB238B45E000CE4E46 /* Settings.storyboard */; };
		6683EAA92435A05C00ADB645 /* WKWebViewUtils.swift in Sources */ = {isa = PBXBuildFile; fileRef = 6683EAA82435A05C00ADB645 /* WKWebViewUtils.swift */; };
		6683EAAB2435A17A00ADB645 /* RepeatTimer.swift in Sources */ = {isa = PBXBuildFile; fileRef = 6683EAAA2435A17A00ADB645 /* RepeatTimer.swift */; };
		668B39542433CDDB00DB9BAA /* Register2ParkPageManager.swift in Sources */ = {isa = PBXBuildFile; fileRef = 668B39532433CDDB00DB9BAA /* Register2ParkPageManager.swift */; };
		668B39552433D12000DB9BAA /* ParkingPOAPageManager.swift in Sources */ = {isa = PBXBuildFile; fileRef = 66D7773D2303B57400D4FF5A /* ParkingPOAPageManager.swift */; };
		668DFA392432E10B00A6B86B /* Host.swift in Sources */ = {isa = PBXBuildFile; fileRef = 668DFA382432E10B00A6B86B /* Host.swift */; };
		668DFA3C2432E32900A6B86B /* CodableExtensions.swift in Sources */ = {isa = PBXBuildFile; fileRef = 668DFA3B2432E32900A6B86B /* CodableExtensions.swift */; };
		669789F423C6CF9A00F3E19F /* NotificationManager.swift in Sources */ = {isa = PBXBuildFile; fileRef = 669789F323C6CF9A00F3E19F /* NotificationManager.swift */; };
		669789F623C6D9AC00F3E19F /* SettingsViewController.swift in Sources */ = {isa = PBXBuildFile; fileRef = 669789F523C6D9AC00F3E19F /* SettingsViewController.swift */; };
		66B22FD924380916004F67DE /* ParkingSite.storyboard in Resources */ = {isa = PBXBuildFile; fileRef = 66B22FD824380916004F67DE /* ParkingSite.storyboard */; };
		66B22FDB2438092F004F67DE /* LaunchControl.storyboard in Resources */ = {isa = PBXBuildFile; fileRef = 66B22FDA2438092F004F67DE /* LaunchControl.storyboard */; };
		66B22FDD24380A5D004F67DE /* LaunchControlViewController.swift in Sources */ = {isa = PBXBuildFile; fileRef = 66B22FDC24380A5D004F67DE /* LaunchControlViewController.swift */; };
		66B22FDF2438120A004F67DE /* SiteSelectionViewController.swift in Sources */ = {isa = PBXBuildFile; fileRef = 66B22FDE2438120A004F67DE /* SiteSelectionViewController.swift */; };
		66B22FE124381804004F67DE /* UIColorExtensions.swift in Sources */ = {isa = PBXBuildFile; fileRef = 66B22FE024381804004F67DE /* UIColorExtensions.swift */; };
		66D4BA6E2436858100E8C823 /* ParkingSiteManager.swift in Sources */ = {isa = PBXBuildFile; fileRef = 66D4BA6D2436858100E8C823 /* ParkingSiteManager.swift */; };
		66D777412311DA1900D4FF5A /* Guest.swift in Sources */ = {isa = PBXBuildFile; fileRef = 66D777402311DA1900D4FF5A /* Guest.swift */; };
		66D777432311DB5300D4FF5A /* HostManager.swift in Sources */ = {isa = PBXBuildFile; fileRef = 66D777422311DB5300D4FF5A /* HostManager.swift */; };
		66D777452311F47600D4FF5A /* GuestManager.swift in Sources */ = {isa = PBXBuildFile; fileRef = 66D777442311F47600D4FF5A /* GuestManager.swift */; };
		66D777482313511B00D4FF5A /* DiskPersistenceStore.swift in Sources */ = {isa = PBXBuildFile; fileRef = 66D777462313511B00D4FF5A /* DiskPersistenceStore.swift */; };
		66D777492313511B00D4FF5A /* PersistentStore.swift in Sources */ = {isa = PBXBuildFile; fileRef = 66D777472313511B00D4FF5A /* PersistentStore.swift */; };
		66D7774C2313551000D4FF5A /* FileUtils.swift in Sources */ = {isa = PBXBuildFile; fileRef = 66D7774B2313551000D4FF5A /* FileUtils.swift */; };
		66E7344A2433C68F006C0F34 /* Utilities.swift in Sources */ = {isa = PBXBuildFile; fileRef = 66E734492433C68F006C0F34 /* Utilities.swift */; };
		A8D035109C116C33B408A2DA /* Pods_GuestParking.framework in Frameworks */ = {isa = PBXBuildFile; fileRef = 68A9717DA36E19E1EBC2AA3C /* Pods_GuestParking.framework */; };
/* End PBXBuildFile section */

/* Begin PBXFileReference section */
		661B10EC235E5AEA007788E7 /* PageManager.swift */ = {isa = PBXFileReference; lastKnownFileType = sourcecode.swift; path = PageManager.swift; sourceTree = "<group>"; };
		661B10EF235E5CA6007788E7 /* ParkingBadgePageManager.swift */ = {isa = PBXFileReference; lastKnownFileType = sourcecode.swift; path = ParkingBadgePageManager.swift; sourceTree = "<group>"; };
		663EFD9E2214F6B00074DD55 /* Guest Parking.app */ = {isa = PBXFileReference; explicitFileType = wrapper.application; includeInIndex = 0; path = "Guest Parking.app"; sourceTree = BUILT_PRODUCTS_DIR; };
		663EFDA12214F6B00074DD55 /* AppDelegate.swift */ = {isa = PBXFileReference; lastKnownFileType = sourcecode.swift; path = AppDelegate.swift; sourceTree = "<group>"; };
		663EFDA32214F6B00074DD55 /* HomeViewController.swift */ = {isa = PBXFileReference; lastKnownFileType = sourcecode.swift; path = HomeViewController.swift; sourceTree = "<group>"; };
		663EFDA62214F6B00074DD55 /* Base */ = {isa = PBXFileReference; lastKnownFileType = file.storyboard; name = Base; path = Base.lproj/Main.storyboard; sourceTree = "<group>"; };
		663EFDA82214F6B20074DD55 /* Assets.xcassets */ = {isa = PBXFileReference; lastKnownFileType = folder.assetcatalog; path = Assets.xcassets; sourceTree = "<group>"; };
		663EFDAB2214F6B20074DD55 /* Base */ = {isa = PBXFileReference; lastKnownFileType = file.storyboard; name = Base; path = Base.lproj/LaunchScreen.storyboard; sourceTree = "<group>"; };
		663EFDAD2214F6B20074DD55 /* Info.plist */ = {isa = PBXFileReference; lastKnownFileType = text.plist.xml; path = Info.plist; sourceTree = "<group>"; };
		663EFDB32214FAA10074DD55 /* CheckinViewController.swift */ = {isa = PBXFileReference; lastKnownFileType = sourcecode.swift; path = CheckinViewController.swift; sourceTree = "<group>"; };
		6666598F23E657BF0014716F /* SettingsManager.swift */ = {isa = PBXFileReference; lastKnownFileType = sourcecode.swift; path = SettingsManager.swift; sourceTree = "<group>"; };
		667BD0DB238B45E000CE4E46 /* Settings.storyboard */ = {isa = PBXFileReference; lastKnownFileType = file.storyboard; path = Settings.storyboard; sourceTree = "<group>"; };
		6683EAA82435A05C00ADB645 /* WKWebViewUtils.swift */ = {isa = PBXFileReference; lastKnownFileType = sourcecode.swift; path = WKWebViewUtils.swift; sourceTree = "<group>"; };
		6683EAAA2435A17A00ADB645 /* RepeatTimer.swift */ = {isa = PBXFileReference; lastKnownFileType = sourcecode.swift; path = RepeatTimer.swift; sourceTree = "<group>"; };
		668B39532433CDDB00DB9BAA /* Register2ParkPageManager.swift */ = {isa = PBXFileReference; lastKnownFileType = sourcecode.swift; path = Register2ParkPageManager.swift; sourceTree = "<group>"; };
		668DFA382432E10B00A6B86B /* Host.swift */ = {isa = PBXFileReference; lastKnownFileType = sourcecode.swift; path = Host.swift; sourceTree = "<group>"; };
		668DFA3B2432E32900A6B86B /* CodableExtensions.swift */ = {isa = PBXFileReference; lastKnownFileType = sourcecode.swift; path = CodableExtensions.swift; sourceTree = "<group>"; };
		669789F323C6CF9A00F3E19F /* NotificationManager.swift */ = {isa = PBXFileReference; lastKnownFileType = sourcecode.swift; path = NotificationManager.swift; sourceTree = "<group>"; };
		669789F523C6D9AC00F3E19F /* SettingsViewController.swift */ = {isa = PBXFileReference; lastKnownFileType = sourcecode.swift; path = SettingsViewController.swift; sourceTree = "<group>"; };
		66B22FD824380916004F67DE /* ParkingSite.storyboard */ = {isa = PBXFileReference; lastKnownFileType = file.storyboard; path = ParkingSite.storyboard; sourceTree = "<group>"; };
		66B22FDA2438092F004F67DE /* LaunchControl.storyboard */ = {isa = PBXFileReference; lastKnownFileType = file.storyboard; path = LaunchControl.storyboard; sourceTree = "<group>"; };
		66B22FDC24380A5D004F67DE /* LaunchControlViewController.swift */ = {isa = PBXFileReference; lastKnownFileType = sourcecode.swift; path = LaunchControlViewController.swift; sourceTree = "<group>"; };
		66B22FDE2438120A004F67DE /* SiteSelectionViewController.swift */ = {isa = PBXFileReference; lastKnownFileType = sourcecode.swift; path = SiteSelectionViewController.swift; sourceTree = "<group>"; };
		66B22FE024381804004F67DE /* UIColorExtensions.swift */ = {isa = PBXFileReference; lastKnownFileType = sourcecode.swift; path = UIColorExtensions.swift; sourceTree = "<group>"; };
		66D4BA6D2436858100E8C823 /* ParkingSiteManager.swift */ = {isa = PBXFileReference; lastKnownFileType = sourcecode.swift; path = ParkingSiteManager.swift; sourceTree = "<group>"; };
		66D7773A2303A75500D4FF5A /* Scripts.js */ = {isa = PBXFileReference; lastKnownFileType = sourcecode.javascript; path = Scripts.js; sourceTree = "<group>"; };
		66D7773D2303B57400D4FF5A /* ParkingPOAPageManager.swift */ = {isa = PBXFileReference; lastKnownFileType = sourcecode.swift; path = ParkingPOAPageManager.swift; sourceTree = "<group>"; };
		66D777402311DA1900D4FF5A /* Guest.swift */ = {isa = PBXFileReference; lastKnownFileType = sourcecode.swift; path = Guest.swift; sourceTree = "<group>"; };
		66D777422311DB5300D4FF5A /* HostManager.swift */ = {isa = PBXFileReference; lastKnownFileType = sourcecode.swift; path = HostManager.swift; sourceTree = "<group>"; };
		66D777442311F47600D4FF5A /* GuestManager.swift */ = {isa = PBXFileReference; lastKnownFileType = sourcecode.swift; path = GuestManager.swift; sourceTree = "<group>"; };
		66D777462313511B00D4FF5A /* DiskPersistenceStore.swift */ = {isa = PBXFileReference; fileEncoding = 4; lastKnownFileType = sourcecode.swift; path = DiskPersistenceStore.swift; sourceTree = "<group>"; };
		66D777472313511B00D4FF5A /* PersistentStore.swift */ = {isa = PBXFileReference; fileEncoding = 4; lastKnownFileType = sourcecode.swift; path = PersistentStore.swift; sourceTree = "<group>"; };
		66D7774B2313551000D4FF5A /* FileUtils.swift */ = {isa = PBXFileReference; fileEncoding = 4; lastKnownFileType = sourcecode.swift; path = FileUtils.swift; sourceTree = "<group>"; };
		66E734492433C68F006C0F34 /* Utilities.swift */ = {isa = PBXFileReference; lastKnownFileType = sourcecode.swift; path = Utilities.swift; sourceTree = "<group>"; };
		68A9717DA36E19E1EBC2AA3C /* Pods_GuestParking.framework */ = {isa = PBXFileReference; explicitFileType = wrapper.framework; includeInIndex = 0; path = Pods_GuestParking.framework; sourceTree = BUILT_PRODUCTS_DIR; };
		76A5F817951A2B1B2E5B3F98 /* Pods-GuestParking.debug.xcconfig */ = {isa = PBXFileReference; includeInIndex = 1; lastKnownFileType = text.xcconfig; name = "Pods-GuestParking.debug.xcconfig"; path = "Pods/Target Support Files/Pods-GuestParking/Pods-GuestParking.debug.xcconfig"; sourceTree = "<group>"; };
		F4399908CEFBB7C3FB4B8153 /* Pods-GuestParking.release.xcconfig */ = {isa = PBXFileReference; includeInIndex = 1; lastKnownFileType = text.xcconfig; name = "Pods-GuestParking.release.xcconfig"; path = "Pods/Target Support Files/Pods-GuestParking/Pods-GuestParking.release.xcconfig"; sourceTree = "<group>"; };
/* End PBXFileReference section */

/* Begin PBXFrameworksBuildPhase section */
		663EFD9B2214F6B00074DD55 /* Frameworks */ = {
			isa = PBXFrameworksBuildPhase;
			buildActionMask = 2147483647;
			files = (
				A8D035109C116C33B408A2DA /* Pods_GuestParking.framework in Frameworks */,
			);
			runOnlyForDeploymentPostprocessing = 0;
		};
/* End PBXFrameworksBuildPhase section */

/* Begin PBXGroup section */
		661B10EE235E5C85007788E7 /* PageManagers */ = {
			isa = PBXGroup;
			children = (
				661B10EC235E5AEA007788E7 /* PageManager.swift */,
				668B39582435738800DB9BAA /* Register2Park */,
				668B39572435737100DB9BAA /* ParkingBadge */,
				668B39562435735D00DB9BAA /* ParkingPOA */,
			);
			path = PageManagers;
			sourceTree = "<group>";
		};
		663EFD952214F6B00074DD55 = {
			isa = PBXGroup;
			children = (
				663EFDA02214F6B00074DD55 /* GuestParking */,
				663EFD9F2214F6B00074DD55 /* Products */,
				85F4B9FACCE92F2092A6C1A3 /* Pods */,
				8ED11C1E7E868F00AB00CD23 /* Frameworks */,
			);
			sourceTree = "<group>";
		};
		663EFD9F2214F6B00074DD55 /* Products */ = {
			isa = PBXGroup;
			children = (
				663EFD9E2214F6B00074DD55 /* Guest Parking.app */,
			);
			name = Products;
			sourceTree = "<group>";
		};
		663EFDA02214F6B00074DD55 /* GuestParking */ = {
			isa = PBXGroup;
			children = (
				663EFDA12214F6B00074DD55 /* AppDelegate.swift */,
				66B22FDC24380A5D004F67DE /* LaunchControlViewController.swift */,
				663EFDA32214F6B00074DD55 /* HomeViewController.swift */,
				663EFDB32214FAA10074DD55 /* CheckinViewController.swift */,
				669789F523C6D9AC00F3E19F /* SettingsViewController.swift */,
				66B22FDE2438120A004F67DE /* SiteSelectionViewController.swift */,
				66D7773C2303B54500D4FF5A /* Managers */,
				66D7773F2311D9F700D4FF5A /* Models */,
				66D7774A231354F200D4FF5A /* Caching */,
				668DFA3A2432E30900A6B86B /* Helpers */,
				667BD0DA238B45C400CE4E46 /* Storyboards */,
				663EFDA82214F6B20074DD55 /* Assets.xcassets */,
				663EFDAD2214F6B20074DD55 /* Info.plist */,
				66D7773A2303A75500D4FF5A /* Scripts.js */,
			);
			path = GuestParking;
			sourceTree = "<group>";
		};
		667BD0DA238B45C400CE4E46 /* Storyboards */ = {
			isa = PBXGroup;
			children = (
				663EFDAA2214F6B20074DD55 /* LaunchScreen.storyboard */,
				663EFDA52214F6B00074DD55 /* Main.storyboard */,
				667BD0DB238B45E000CE4E46 /* Settings.storyboard */,
				66B22FD824380916004F67DE /* ParkingSite.storyboard */,
				66B22FDA2438092F004F67DE /* LaunchControl.storyboard */,
			);
			path = Storyboards;
			sourceTree = "<group>";
		};
		668B39562435735D00DB9BAA /* ParkingPOA */ = {
			isa = PBXGroup;
			children = (
				66D7773D2303B57400D4FF5A /* ParkingPOAPageManager.swift */,
			);
			path = ParkingPOA;
			sourceTree = "<group>";
		};
		668B39572435737100DB9BAA /* ParkingBadge */ = {
			isa = PBXGroup;
			children = (
				661B10EF235E5CA6007788E7 /* ParkingBadgePageManager.swift */,
			);
			path = ParkingBadge;
			sourceTree = "<group>";
		};
		668B39582435738800DB9BAA /* Register2Park */ = {
			isa = PBXGroup;
			children = (
				668B39532433CDDB00DB9BAA /* Register2ParkPageManager.swift */,
			);
			path = Register2Park;
			sourceTree = "<group>";
		};
		668DFA3A2432E30900A6B86B /* Helpers */ = {
			isa = PBXGroup;
			children = (
				668DFA3B2432E32900A6B86B /* CodableExtensions.swift */,
				66E734492433C68F006C0F34 /* Utilities.swift */,
				6683EAA82435A05C00ADB645 /* WKWebViewUtils.swift */,
				6683EAAA2435A17A00ADB645 /* RepeatTimer.swift */,
				66B22FE024381804004F67DE /* UIColorExtensions.swift */,
			);
			path = Helpers;
			sourceTree = "<group>";
		};
		66D7773C2303B54500D4FF5A /* Managers */ = {
			isa = PBXGroup;
			children = (
				661B10EE235E5C85007788E7 /* PageManagers */,
				66D777422311DB5300D4FF5A /* HostManager.swift */,
				66D777442311F47600D4FF5A /* GuestManager.swift */,
				669789F323C6CF9A00F3E19F /* NotificationManager.swift */,
				6666598F23E657BF0014716F /* SettingsManager.swift */,
				66D4BA6D2436858100E8C823 /* ParkingSiteManager.swift */,
			);
			path = Managers;
			sourceTree = "<group>";
		};
		66D7773F2311D9F700D4FF5A /* Models */ = {
			isa = PBXGroup;
			children = (
				66D777402311DA1900D4FF5A /* Guest.swift */,
				668DFA382432E10B00A6B86B /* Host.swift */,
			);
			path = Models;
			sourceTree = "<group>";
		};
		66D7774A231354F200D4FF5A /* Caching */ = {
			isa = PBXGroup;
			children = (
				66D777462313511B00D4FF5A /* DiskPersistenceStore.swift */,
				66D777472313511B00D4FF5A /* PersistentStore.swift */,
				66D7774B2313551000D4FF5A /* FileUtils.swift */,
			);
			path = Caching;
			sourceTree = "<group>";
		};
		85F4B9FACCE92F2092A6C1A3 /* Pods */ = {
			isa = PBXGroup;
			children = (
				76A5F817951A2B1B2E5B3F98 /* Pods-GuestParking.debug.xcconfig */,
				F4399908CEFBB7C3FB4B8153 /* Pods-GuestParking.release.xcconfig */,
			);
			name = Pods;
			sourceTree = "<group>";
		};
		8ED11C1E7E868F00AB00CD23 /* Frameworks */ = {
			isa = PBXGroup;
			children = (
				68A9717DA36E19E1EBC2AA3C /* Pods_GuestParking.framework */,
			);
			name = Frameworks;
			sourceTree = "<group>";
		};
/* End PBXGroup section */

/* Begin PBXNativeTarget section */
		663EFD9D2214F6B00074DD55 /* GuestParking */ = {
			isa = PBXNativeTarget;
			buildConfigurationList = 663EFDB02214F6B20074DD55 /* Build configuration list for PBXNativeTarget "GuestParking" */;
			buildPhases = (
				C32E8162CC48E3896BC4D95C /* [CP] Check Pods Manifest.lock */,
				663EFD9A2214F6B00074DD55 /* Sources */,
				663EFD9B2214F6B00074DD55 /* Frameworks */,
				663EFD9C2214F6B00074DD55 /* Resources */,
				6C1E9792007B8490B929B5F5 /* [CP] Embed Pods Frameworks */,
			);
			buildRules = (
			);
			dependencies = (
			);
			name = GuestParking;
			productName = GuestParking;
			productReference = 663EFD9E2214F6B00074DD55 /* Guest Parking.app */;
			productType = "com.apple.product-type.application";
		};
/* End PBXNativeTarget section */

/* Begin PBXProject section */
		663EFD962214F6B00074DD55 /* Project object */ = {
			isa = PBXProject;
			attributes = {
				LastSwiftUpdateCheck = 1010;
				LastUpgradeCheck = 1010;
				ORGANIZATIONNAME = "Anteneh Sahledengel";
				TargetAttributes = {
					663EFD9D2214F6B00074DD55 = {
						CreatedOnToolsVersion = 10.1;
					};
				};
			};
			buildConfigurationList = 663EFD992214F6B00074DD55 /* Build configuration list for PBXProject "GuestParking" */;
			compatibilityVersion = "Xcode 9.3";
			developmentRegion = en;
			hasScannedForEncodings = 0;
			knownRegions = (
				en,
				Base,
			);
			mainGroup = 663EFD952214F6B00074DD55;
			productRefGroup = 663EFD9F2214F6B00074DD55 /* Products */;
			projectDirPath = "";
			projectRoot = "";
			targets = (
				663EFD9D2214F6B00074DD55 /* GuestParking */,
			);
		};
/* End PBXProject section */

/* Begin PBXResourcesBuildPhase section */
		663EFD9C2214F6B00074DD55 /* Resources */ = {
			isa = PBXResourcesBuildPhase;
			buildActionMask = 2147483647;
			files = (
				663EFDAC2214F6B20074DD55 /* LaunchScreen.storyboard in Resources */,
				663EFDA92214F6B20074DD55 /* Assets.xcassets in Resources */,
				667BD0DC238B45E000CE4E46 /* Settings.storyboard in Resources */,
				66B22FDB2438092F004F67DE /* LaunchControl.storyboard in Resources */,
				663EFDA72214F6B00074DD55 /* Main.storyboard in Resources */,
				66B22FD924380916004F67DE /* ParkingSite.storyboard in Resources */,
			);
			runOnlyForDeploymentPostprocessing = 0;
		};
/* End PBXResourcesBuildPhase section */

/* Begin PBXShellScriptBuildPhase section */
		6C1E9792007B8490B929B5F5 /* [CP] Embed Pods Frameworks */ = {
			isa = PBXShellScriptBuildPhase;
			buildActionMask = 2147483647;
			files = (
			);
			inputFileListPaths = (
				"${PODS_ROOT}/Target Support Files/Pods-GuestParking/Pods-GuestParking-frameworks-${CONFIGURATION}-input-files.xcfilelist",
			);
			name = "[CP] Embed Pods Frameworks";
			outputFileListPaths = (
				"${PODS_ROOT}/Target Support Files/Pods-GuestParking/Pods-GuestParking-frameworks-${CONFIGURATION}-output-files.xcfilelist",
			);
			runOnlyForDeploymentPostprocessing = 0;
			shellPath = /bin/sh;
			shellScript = "\"${PODS_ROOT}/Target Support Files/Pods-GuestParking/Pods-GuestParking-frameworks.sh\"\n";
			showEnvVarsInLog = 0;
		};
		C32E8162CC48E3896BC4D95C /* [CP] Check Pods Manifest.lock */ = {
			isa = PBXShellScriptBuildPhase;
			buildActionMask = 2147483647;
			files = (
			);
			inputPaths = (
				"${PODS_PODFILE_DIR_PATH}/Podfile.lock",
				"${PODS_ROOT}/Manifest.lock",
			);
			name = "[CP] Check Pods Manifest.lock";
			outputPaths = (
				"$(DERIVED_FILE_DIR)/Pods-GuestParking-checkManifestLockResult.txt",
			);
			runOnlyForDeploymentPostprocessing = 0;
			shellPath = /bin/sh;
			shellScript = "diff \"${PODS_PODFILE_DIR_PATH}/Podfile.lock\" \"${PODS_ROOT}/Manifest.lock\" > /dev/null\nif [ $? != 0 ] ; then\n    # print error to STDERR\n    echo \"error: The sandbox is not in sync with the Podfile.lock. Run 'pod install' or update your CocoaPods installation.\" >&2\n    exit 1\nfi\n# This output is used by Xcode 'outputs' to avoid re-running this script phase.\necho \"SUCCESS\" > \"${SCRIPT_OUTPUT_FILE_0}\"\n";
			showEnvVarsInLog = 0;
		};
/* End PBXShellScriptBuildPhase section */

/* Begin PBXSourcesBuildPhase section */
		663EFD9A2214F6B00074DD55 /* Sources */ = {
			isa = PBXSourcesBuildPhase;
			buildActionMask = 2147483647;
			files = (
				661B10F0235E5CA6007788E7 /* ParkingBadgePageManager.swift in Sources */,
				66D777432311DB5300D4FF5A /* HostManager.swift in Sources */,
				663EFDA42214F6B00074DD55 /* HomeViewController.swift in Sources */,
				668DFA392432E10B00A6B86B /* Host.swift in Sources */,
				668B39552433D12000DB9BAA /* ParkingPOAPageManager.swift in Sources */,
				66D4BA6E2436858100E8C823 /* ParkingSiteManager.swift in Sources */,
				663EFDB42214FAA10074DD55 /* CheckinViewController.swift in Sources */,
				66D777492313511B00D4FF5A /* PersistentStore.swift in Sources */,
				6683EAA92435A05C00ADB645 /* WKWebViewUtils.swift in Sources */,
				66B22FE124381804004F67DE /* UIColorExtensions.swift in Sources */,
				6666599023E657BF0014716F /* SettingsManager.swift in Sources */,
				66B22FDF2438120A004F67DE /* SiteSelectionViewController.swift in Sources */,
				661B10ED235E5AEA007788E7 /* PageManager.swift in Sources */,
				66D777452311F47600D4FF5A /* GuestManager.swift in Sources */,
				668B39542433CDDB00DB9BAA /* Register2ParkPageManager.swift in Sources */,
				66D777482313511B00D4FF5A /* DiskPersistenceStore.swift in Sources */,
				66D777412311DA1900D4FF5A /* Guest.swift in Sources */,
				66D7774C2313551000D4FF5A /* FileUtils.swift in Sources */,
				663EFDA22214F6B00074DD55 /* AppDelegate.swift in Sources */,
				669789F423C6CF9A00F3E19F /* NotificationManager.swift in Sources */,
				668DFA3C2432E32900A6B86B /* CodableExtensions.swift in Sources */,
				66B22FDD24380A5D004F67DE /* LaunchControlViewController.swift in Sources */,
				66E7344A2433C68F006C0F34 /* Utilities.swift in Sources */,
				669789F623C6D9AC00F3E19F /* SettingsViewController.swift in Sources */,
				6683EAAB2435A17A00ADB645 /* RepeatTimer.swift in Sources */,
			);
			runOnlyForDeploymentPostprocessing = 0;
		};
/* End PBXSourcesBuildPhase section */

/* Begin PBXVariantGroup section */
		663EFDA52214F6B00074DD55 /* Main.storyboard */ = {
			isa = PBXVariantGroup;
			children = (
				663EFDA62214F6B00074DD55 /* Base */,
			);
			name = Main.storyboard;
			sourceTree = "<group>";
		};
		663EFDAA2214F6B20074DD55 /* LaunchScreen.storyboard */ = {
			isa = PBXVariantGroup;
			children = (
				663EFDAB2214F6B20074DD55 /* Base */,
			);
			name = LaunchScreen.storyboard;
			sourceTree = "<group>";
		};
/* End PBXVariantGroup section */

/* Begin XCBuildConfiguration section */
		663EFDAE2214F6B20074DD55 /* Debug */ = {
			isa = XCBuildConfiguration;
			buildSettings = {
				ALWAYS_SEARCH_USER_PATHS = NO;
				CLANG_ANALYZER_NONNULL = YES;
				CLANG_ANALYZER_NUMBER_OBJECT_CONVERSION = YES_AGGRESSIVE;
				CLANG_CXX_LANGUAGE_STANDARD = "gnu++14";
				CLANG_CXX_LIBRARY = "libc++";
				CLANG_ENABLE_MODULES = YES;
				CLANG_ENABLE_OBJC_ARC = YES;
				CLANG_ENABLE_OBJC_WEAK = YES;
				CLANG_WARN_BLOCK_CAPTURE_AUTORELEASING = YES;
				CLANG_WARN_BOOL_CONVERSION = YES;
				CLANG_WARN_COMMA = YES;
				CLANG_WARN_CONSTANT_CONVERSION = YES;
				CLANG_WARN_DEPRECATED_OBJC_IMPLEMENTATIONS = YES;
				CLANG_WARN_DIRECT_OBJC_ISA_USAGE = YES_ERROR;
				CLANG_WARN_DOCUMENTATION_COMMENTS = YES;
				CLANG_WARN_EMPTY_BODY = YES;
				CLANG_WARN_ENUM_CONVERSION = YES;
				CLANG_WARN_INFINITE_RECURSION = YES;
				CLANG_WARN_INT_CONVERSION = YES;
				CLANG_WARN_NON_LITERAL_NULL_CONVERSION = YES;
				CLANG_WARN_OBJC_IMPLICIT_RETAIN_SELF = YES;
				CLANG_WARN_OBJC_LITERAL_CONVERSION = YES;
				CLANG_WARN_OBJC_ROOT_CLASS = YES_ERROR;
				CLANG_WARN_RANGE_LOOP_ANALYSIS = YES;
				CLANG_WARN_STRICT_PROTOTYPES = YES;
				CLANG_WARN_SUSPICIOUS_MOVE = YES;
				CLANG_WARN_UNGUARDED_AVAILABILITY = YES_AGGRESSIVE;
				CLANG_WARN_UNREACHABLE_CODE = YES;
				CLANG_WARN__DUPLICATE_METHOD_MATCH = YES;
				CODE_SIGN_IDENTITY = "iPhone Developer";
				COPY_PHASE_STRIP = NO;
				DEBUG_INFORMATION_FORMAT = dwarf;
				ENABLE_STRICT_OBJC_MSGSEND = YES;
				ENABLE_TESTABILITY = YES;
				GCC_C_LANGUAGE_STANDARD = gnu11;
				GCC_DYNAMIC_NO_PIC = NO;
				GCC_NO_COMMON_BLOCKS = YES;
				GCC_OPTIMIZATION_LEVEL = 0;
				GCC_PREPROCESSOR_DEFINITIONS = (
					"DEBUG=1",
					"$(inherited)",
				);
				GCC_WARN_64_TO_32_BIT_CONVERSION = YES;
				GCC_WARN_ABOUT_RETURN_TYPE = YES_ERROR;
				GCC_WARN_UNDECLARED_SELECTOR = YES;
				GCC_WARN_UNINITIALIZED_AUTOS = YES_AGGRESSIVE;
				GCC_WARN_UNUSED_FUNCTION = YES;
				GCC_WARN_UNUSED_VARIABLE = YES;
				IPHONEOS_DEPLOYMENT_TARGET = 13.0;
				MTL_ENABLE_DEBUG_INFO = INCLUDE_SOURCE;
				MTL_FAST_MATH = YES;
				ONLY_ACTIVE_ARCH = YES;
				SDKROOT = iphoneos;
				SWIFT_ACTIVE_COMPILATION_CONDITIONS = DEBUG;
				SWIFT_OPTIMIZATION_LEVEL = "-Onone";
			};
			name = Debug;
		};
		663EFDAF2214F6B20074DD55 /* Release */ = {
			isa = XCBuildConfiguration;
			buildSettings = {
				ALWAYS_SEARCH_USER_PATHS = NO;
				CLANG_ANALYZER_NONNULL = YES;
				CLANG_ANALYZER_NUMBER_OBJECT_CONVERSION = YES_AGGRESSIVE;
				CLANG_CXX_LANGUAGE_STANDARD = "gnu++14";
				CLANG_CXX_LIBRARY = "libc++";
				CLANG_ENABLE_MODULES = YES;
				CLANG_ENABLE_OBJC_ARC = YES;
				CLANG_ENABLE_OBJC_WEAK = YES;
				CLANG_WARN_BLOCK_CAPTURE_AUTORELEASING = YES;
				CLANG_WARN_BOOL_CONVERSION = YES;
				CLANG_WARN_COMMA = YES;
				CLANG_WARN_CONSTANT_CONVERSION = YES;
				CLANG_WARN_DEPRECATED_OBJC_IMPLEMENTATIONS = YES;
				CLANG_WARN_DIRECT_OBJC_ISA_USAGE = YES_ERROR;
				CLANG_WARN_DOCUMENTATION_COMMENTS = YES;
				CLANG_WARN_EMPTY_BODY = YES;
				CLANG_WARN_ENUM_CONVERSION = YES;
				CLANG_WARN_INFINITE_RECURSION = YES;
				CLANG_WARN_INT_CONVERSION = YES;
				CLANG_WARN_NON_LITERAL_NULL_CONVERSION = YES;
				CLANG_WARN_OBJC_IMPLICIT_RETAIN_SELF = YES;
				CLANG_WARN_OBJC_LITERAL_CONVERSION = YES;
				CLANG_WARN_OBJC_ROOT_CLASS = YES_ERROR;
				CLANG_WARN_RANGE_LOOP_ANALYSIS = YES;
				CLANG_WARN_STRICT_PROTOTYPES = YES;
				CLANG_WARN_SUSPICIOUS_MOVE = YES;
				CLANG_WARN_UNGUARDED_AVAILABILITY = YES_AGGRESSIVE;
				CLANG_WARN_UNREACHABLE_CODE = YES;
				CLANG_WARN__DUPLICATE_METHOD_MATCH = YES;
				CODE_SIGN_IDENTITY = "iPhone Developer";
				COPY_PHASE_STRIP = NO;
				DEBUG_INFORMATION_FORMAT = "dwarf-with-dsym";
				ENABLE_NS_ASSERTIONS = NO;
				ENABLE_STRICT_OBJC_MSGSEND = YES;
				GCC_C_LANGUAGE_STANDARD = gnu11;
				GCC_NO_COMMON_BLOCKS = YES;
				GCC_WARN_64_TO_32_BIT_CONVERSION = YES;
				GCC_WARN_ABOUT_RETURN_TYPE = YES_ERROR;
				GCC_WARN_UNDECLARED_SELECTOR = YES;
				GCC_WARN_UNINITIALIZED_AUTOS = YES_AGGRESSIVE;
				GCC_WARN_UNUSED_FUNCTION = YES;
				GCC_WARN_UNUSED_VARIABLE = YES;
				IPHONEOS_DEPLOYMENT_TARGET = 13.0;
				MTL_ENABLE_DEBUG_INFO = NO;
				MTL_FAST_MATH = YES;
				SDKROOT = iphoneos;
				SWIFT_COMPILATION_MODE = wholemodule;
				SWIFT_OPTIMIZATION_LEVEL = "-O";
				VALIDATE_PRODUCT = YES;
			};
			name = Release;
		};
		663EFDB12214F6B20074DD55 /* Debug */ = {
			isa = XCBuildConfiguration;
			baseConfigurationReference = 76A5F817951A2B1B2E5B3F98 /* Pods-GuestParking.debug.xcconfig */;
			buildSettings = {
				ASSETCATALOG_COMPILER_APPICON_NAME = AppIcon;
				CODE_SIGN_STYLE = Automatic;
				DEVELOPMENT_TEAM = FGEKQ9U6E7;
				INFOPLIST_FILE = GuestParking/Info.plist;
				IPHONEOS_DEPLOYMENT_TARGET = 13.0;
				LD_RUNPATH_SEARCH_PATHS = (
					"$(inherited)",
					"@executable_path/Frameworks",
				);
				PRODUCT_BUNDLE_IDENTIFIER = com.ewketapps.GuestParking;
				PRODUCT_NAME = "Guest Parking";
				SWIFT_VERSION = 4.2;
				TARGETED_DEVICE_FAMILY = "1,2";
			};
			name = Debug;
		};
		663EFDB22214F6B20074DD55 /* Release */ = {
			isa = XCBuildConfiguration;
			baseConfigurationReference = F4399908CEFBB7C3FB4B8153 /* Pods-GuestParking.release.xcconfig */;
			buildSettings = {
				ASSETCATALOG_COMPILER_APPICON_NAME = AppIcon;
				CODE_SIGN_STYLE = Automatic;
				DEVELOPMENT_TEAM = FGEKQ9U6E7;
				INFOPLIST_FILE = GuestParking/Info.plist;
				IPHONEOS_DEPLOYMENT_TARGET = 13.0;
				LD_RUNPATH_SEARCH_PATHS = (
					"$(inherited)",
					"@executable_path/Frameworks",
				);
				PRODUCT_BUNDLE_IDENTIFIER = com.ewketapps.GuestParking;
				PRODUCT_NAME = "Guest Parking";
				SWIFT_VERSION = 4.2;
				TARGETED_DEVICE_FAMILY = "1,2";
			};
			name = Release;
		};
/* End XCBuildConfiguration section */

/* Begin XCConfigurationList section */
		663EFD992214F6B00074DD55 /* Build configuration list for PBXProject "GuestParking" */ = {
			isa = XCConfigurationList;
			buildConfigurations = (
				663EFDAE2214F6B20074DD55 /* Debug */,
				663EFDAF2214F6B20074DD55 /* Release */,
			);
			defaultConfigurationIsVisible = 0;
			defaultConfigurationName = Release;
		};
		663EFDB02214F6B20074DD55 /* Build configuration list for PBXNativeTarget "GuestParking" */ = {
			isa = XCConfigurationList;
			buildConfigurations = (
				663EFDB12214F6B20074DD55 /* Debug */,
				663EFDB22214F6B20074DD55 /* Release */,
			);
			defaultConfigurationIsVisible = 0;
			defaultConfigurationName = Release;
		};
/* End XCConfigurationList section */
	};
	rootObject = 663EFD962214F6B00074DD55 /* Project object */;
}
